// !$*UTF8*$!
{
	archiveVersion = 1;
	classes = {
	};
	objectVersion = 50;
	objects = {

/* Begin PBXBuildFile section */
		16EF64632183481500E8982C /* AppDelegate.swift in Sources */ = {isa = PBXBuildFile; fileRef = 16EF64622183481500E8982C /* AppDelegate.swift */; };
		16EF64652183481500E8982C /* ViewController.swift in Sources */ = {isa = PBXBuildFile; fileRef = 16EF64642183481500E8982C /* ViewController.swift */; };
		16EF646A2183481500E8982C /* Assets.xcassets in Resources */ = {isa = PBXBuildFile; fileRef = 16EF64692183481500E8982C /* Assets.xcassets */; };
		16EF646D2183481500E8982C /* LaunchScreen.storyboard in Resources */ = {isa = PBXBuildFile; fileRef = 16EF646B2183481500E8982C /* LaunchScreen.storyboard */; };
		16EF6477218354DA00E8982C /* CollapsibleView.swift in Sources */ = {isa = PBXBuildFile; fileRef = 16EF6476218354DA00E8982C /* CollapsibleView.swift */; };
		16EF647A2183565200E8982C /* Utilities.swift in Sources */ = {isa = PBXBuildFile; fileRef = 16EF64792183565200E8982C /* Utilities.swift */; };
		16EF647E2183568F00E8982C /* ViewBinder.swift in Sources */ = {isa = PBXBuildFile; fileRef = 16EF647D2183568F00E8982C /* ViewBinder.swift */; };
		16EF6480218356A400E8982C /* ViewModel.swift in Sources */ = {isa = PBXBuildFile; fileRef = 16EF647F218356A400E8982C /* ViewModel.swift */; };
		16EF648421835AB300E8982C /* TableViewDataSource.swift in Sources */ = {isa = PBXBuildFile; fileRef = 16EF648321835AB300E8982C /* TableViewDataSource.swift */; };
		16EF648621835AEE00E8982C /* TableViewCell.swift in Sources */ = {isa = PBXBuildFile; fileRef = 16EF648521835AEE00E8982C /* TableViewCell.swift */; };
		16EF648821835B3100E8982C /* UIButton+Stylable.swift in Sources */ = {isa = PBXBuildFile; fileRef = 16EF648721835B3100E8982C /* UIButton+Stylable.swift */; };
		16EF648A21835B6100E8982C /* Style.swift in Sources */ = {isa = PBXBuildFile; fileRef = 16EF648921835B6100E8982C /* Style.swift */; };
/* End PBXBuildFile section */

/* Begin PBXFileReference section */
		16EF645F2183481400E8982C /* CollapsibleView.app */ = {isa = PBXFileReference; explicitFileType = wrapper.application; includeInIndex = 0; path = CollapsibleView.app; sourceTree = BUILT_PRODUCTS_DIR; };
		16EF64622183481500E8982C /* AppDelegate.swift */ = {isa = PBXFileReference; lastKnownFileType = sourcecode.swift; path = AppDelegate.swift; sourceTree = "<group>"; };
		16EF64642183481500E8982C /* ViewController.swift */ = {isa = PBXFileReference; lastKnownFileType = sourcecode.swift; path = ViewController.swift; sourceTree = "<group>"; };
		16EF64692183481500E8982C /* Assets.xcassets */ = {isa = PBXFileReference; lastKnownFileType = folder.assetcatalog; path = Assets.xcassets; sourceTree = "<group>"; };
		16EF646C2183481500E8982C /* Base */ = {isa = PBXFileReference; lastKnownFileType = file.storyboard; name = Base; path = Base.lproj/LaunchScreen.storyboard; sourceTree = "<group>"; };
		16EF646E2183481500E8982C /* Info.plist */ = {isa = PBXFileReference; lastKnownFileType = text.plist.xml; path = Info.plist; sourceTree = "<group>"; };
		16EF6476218354DA00E8982C /* CollapsibleView.swift */ = {isa = PBXFileReference; lastKnownFileType = sourcecode.swift; path = CollapsibleView.swift; sourceTree = "<group>"; };
		16EF64792183565200E8982C /* Utilities.swift */ = {isa = PBXFileReference; lastKnownFileType = sourcecode.swift; path = Utilities.swift; sourceTree = "<group>"; };
		16EF647D2183568F00E8982C /* ViewBinder.swift */ = {isa = PBXFileReference; lastKnownFileType = sourcecode.swift; path = ViewBinder.swift; sourceTree = "<group>"; };
		16EF647F218356A400E8982C /* ViewModel.swift */ = {isa = PBXFileReference; lastKnownFileType = sourcecode.swift; path = ViewModel.swift; sourceTree = "<group>"; };
		16EF648321835AB300E8982C /* TableViewDataSource.swift */ = {isa = PBXFileReference; lastKnownFileType = sourcecode.swift; path = TableViewDataSource.swift; sourceTree = "<group>"; };
		16EF648521835AEE00E8982C /* TableViewCell.swift */ = {isa = PBXFileReference; lastKnownFileType = sourcecode.swift; path = TableViewCell.swift; sourceTree = "<group>"; };
		16EF648721835B3100E8982C /* UIButton+Stylable.swift */ = {isa = PBXFileReference; lastKnownFileType = sourcecode.swift; path = "UIButton+Stylable.swift"; sourceTree = "<group>"; };
		16EF648921835B6100E8982C /* Style.swift */ = {isa = PBXFileReference; lastKnownFileType = sourcecode.swift; path = Style.swift; sourceTree = "<group>"; };
/* End PBXFileReference section */

/* Begin PBXFrameworksBuildPhase section */
		16EF645C2183481400E8982C /* Frameworks */ = {
			isa = PBXFrameworksBuildPhase;
			buildActionMask = 2147483647;
			files = (
			);
			runOnlyForDeploymentPostprocessing = 0;
		};
/* End PBXFrameworksBuildPhase section */

/* Begin PBXGroup section */
		16EF64562183481400E8982C = {
			isa = PBXGroup;
			children = (
				16EF64782183564200E8982C /* Utilities */,
				16EF64612183481400E8982C /* CollapsibleView */,
				16EF64602183481400E8982C /* Products */,
			);
			sourceTree = "<group>";
		};
		16EF64602183481400E8982C /* Products */ = {
			isa = PBXGroup;
			children = (
				16EF645F2183481400E8982C /* CollapsibleView.app */,
			);
			name = Products;
			sourceTree = "<group>";
		};
		16EF64612183481400E8982C /* CollapsibleView */ = {
			isa = PBXGroup;
			children = (
				16EF648221835AA100E8982C /* Model */,
				16EF64812183574A00E8982C /* Views */,
				16EF647C2183566800E8982C /* ViewBinder */,
				16EF647B2183566100E8982C /* ViewModel */,
				16EF64622183481500E8982C /* AppDelegate.swift */,
				16EF64642183481500E8982C /* ViewController.swift */,
				16EF64692183481500E8982C /* Assets.xcassets */,
				16EF646B2183481500E8982C /* LaunchScreen.storyboard */,
				16EF646E2183481500E8982C /* Info.plist */,
			);
			path = CollapsibleView;
			sourceTree = "<group>";
		};
		16EF64782183564200E8982C /* Utilities */ = {
			isa = PBXGroup;
			children = (
				16EF64792183565200E8982C /* Utilities.swift */,
				16EF648721835B3100E8982C /* UIButton+Stylable.swift */,
				16EF648921835B6100E8982C /* Style.swift */,
			);
			name = Utilities;
			sourceTree = "<group>";
		};
		16EF647B2183566100E8982C /* ViewModel */ = {
			isa = PBXGroup;
			children = (
				16EF647F218356A400E8982C /* ViewModel.swift */,
			);
			name = ViewModel;
			sourceTree = "<group>";
		};
		16EF647C2183566800E8982C /* ViewBinder */ = {
			isa = PBXGroup;
			children = (
				16EF647D2183568F00E8982C /* ViewBinder.swift */,
			);
			name = ViewBinder;
			sourceTree = "<group>";
		};
		16EF64812183574A00E8982C /* Views */ = {
			isa = PBXGroup;
			children = (
				16EF6476218354DA00E8982C /* CollapsibleView.swift */,
				16EF648521835AEE00E8982C /* TableViewCell.swift */,
			);
			name = Views;
			sourceTree = "<group>";
		};
		16EF648221835AA100E8982C /* Model */ = {
			isa = PBXGroup;
			children = (
				16EF648321835AB300E8982C /* TableViewDataSource.swift */,
			);
			name = Model;
			sourceTree = "<group>";
		};
/* End PBXGroup section */

/* Begin PBXNativeTarget section */
		16EF645E2183481400E8982C /* CollapsibleView */ = {
			isa = PBXNativeTarget;
			buildConfigurationList = 16EF64712183481500E8982C /* Build configuration list for PBXNativeTarget "CollapsibleView" */;
			buildPhases = (
				16EF645B2183481400E8982C /* Sources */,
				16EF645C2183481400E8982C /* Frameworks */,
				16EF645D2183481400E8982C /* Resources */,
			);
			buildRules = (
			);
			dependencies = (
			);
			name = CollapsibleView;
			productName = CollapsibleView;
			productReference = 16EF645F2183481400E8982C /* CollapsibleView.app */;
			productType = "com.apple.product-type.application";
		};
/* End PBXNativeTarget section */

/* Begin PBXProject section */
		16EF64572183481400E8982C /* Project object */ = {
			isa = PBXProject;
			attributes = {
				LastSwiftUpdateCheck = 1000;
				LastUpgradeCheck = 1000;
				ORGANIZATIONNAME = Humlan;
				TargetAttributes = {
					16EF645E2183481400E8982C = {
						CreatedOnToolsVersion = 10.0;
					};
				};
			};
			buildConfigurationList = 16EF645A2183481400E8982C /* Build configuration list for PBXProject "CollapsibleView" */;
			compatibilityVersion = "Xcode 9.3";
			developmentRegion = en;
			hasScannedForEncodings = 0;
			knownRegions = (
				en,
				Base,
			);
			mainGroup = 16EF64562183481400E8982C;
			productRefGroup = 16EF64602183481400E8982C /* Products */;
			projectDirPath = "";
			projectRoot = "";
			targets = (
				16EF645E2183481400E8982C /* CollapsibleView */,
			);
		};
/* End PBXProject section */

/* Begin PBXResourcesBuildPhase section */
		16EF645D2183481400E8982C /* Resources */ = {
			isa = PBXResourcesBuildPhase;
			buildActionMask = 2147483647;
			files = (
				16EF646D2183481500E8982C /* LaunchScreen.storyboard in Resources */,
				16EF646A2183481500E8982C /* Assets.xcassets in Resources */,
			);
			runOnlyForDeploymentPostprocessing = 0;
		};
/* End PBXResourcesBuildPhase section */

/* Begin PBXSourcesBuildPhase section */
		16EF645B2183481400E8982C /* Sources */ = {
			isa = PBXSourcesBuildPhase;
			buildActionMask = 2147483647;
			files = (
				16EF6477218354DA00E8982C /* CollapsibleView.swift in Sources */,
				16EF648621835AEE00E8982C /* TableViewCell.swift in Sources */,
				16EF647E2183568F00E8982C /* ViewBinder.swift in Sources */,
				16EF64652183481500E8982C /* ViewController.swift in Sources */,
				16EF647A2183565200E8982C /* Utilities.swift in Sources */,
				16EF6480218356A400E8982C /* ViewModel.swift in Sources */,
				16EF648821835B3100E8982C /* UIButton+Stylable.swift in Sources */,
				16EF648421835AB300E8982C /* TableViewDataSource.swift in Sources */,
				16EF64632183481500E8982C /* AppDelegate.swift in Sources */,
				16EF648A21835B6100E8982C /* Style.swift in Sources */,
			);
			runOnlyForDeploymentPostprocessing = 0;
		};
/* End PBXSourcesBuildPhase section */

/* Begin PBXVariantGroup section */
		16EF646B2183481500E8982C /* LaunchScreen.storyboard */ = {
			isa = PBXVariantGroup;
			children = (
				16EF646C2183481500E8982C /* Base */,
			);
			name = LaunchScreen.storyboard;
			sourceTree = "<group>";
		};
/* End PBXVariantGroup section */

/* Begin XCBuildConfiguration section */
		16EF646F2183481500E8982C /* Debug */ = {
			isa = XCBuildConfiguration;
			buildSettings = {
				ALWAYS_SEARCH_USER_PATHS = NO;
				CLANG_ANALYZER_NONNULL = YES;
				CLANG_ANALYZER_NUMBER_OBJECT_CONVERSION = YES_AGGRESSIVE;
				CLANG_CXX_LANGUAGE_STANDARD = "gnu++14";
				CLANG_CXX_LIBRARY = "libc++";
				CLANG_ENABLE_MODULES = YES;
				CLANG_ENABLE_OBJC_ARC = YES;
				CLANG_ENABLE_OBJC_WEAK = YES;
				CLANG_WARN_BLOCK_CAPTURE_AUTORELEASING = YES;
				CLANG_WARN_BOOL_CONVERSION = YES;
				CLANG_WARN_COMMA = YES;
				CLANG_WARN_CONSTANT_CONVERSION = YES;
				CLANG_WARN_DEPRECATED_OBJC_IMPLEMENTATIONS = YES;
				CLANG_WARN_DIRECT_OBJC_ISA_USAGE = YES_ERROR;
				CLANG_WARN_DOCUMENTATION_COMMENTS = YES;
				CLANG_WARN_EMPTY_BODY = YES;
				CLANG_WARN_ENUM_CONVERSION = YES;
				CLANG_WARN_INFINITE_RECURSION = YES;
				CLANG_WARN_INT_CONVERSION = YES;
				CLANG_WARN_NON_LITERAL_NULL_CONVERSION = YES;
				CLANG_WARN_OBJC_IMPLICIT_RETAIN_SELF = YES;
				CLANG_WARN_OBJC_LITERAL_CONVERSION = YES;
				CLANG_WARN_OBJC_ROOT_CLASS = YES_ERROR;
				CLANG_WARN_RANGE_LOOP_ANALYSIS = YES;
				CLANG_WARN_STRICT_PROTOTYPES = YES;
				CLANG_WARN_SUSPICIOUS_MOVE = YES;
				CLANG_WARN_UNGUARDED_AVAILABILITY = YES_AGGRESSIVE;
				CLANG_WARN_UNREACHABLE_CODE = YES;
				CLANG_WARN__DUPLICATE_METHOD_MATCH = YES;
				CODE_SIGN_IDENTITY = "iPhone Developer";
				COPY_PHASE_STRIP = NO;
				DEBUG_INFORMATION_FORMAT = dwarf;
				ENABLE_STRICT_OBJC_MSGSEND = YES;
				ENABLE_TESTABILITY = YES;
				GCC_C_LANGUAGE_STANDARD = gnu11;
				GCC_DYNAMIC_NO_PIC = NO;
				GCC_NO_COMMON_BLOCKS = YES;
				GCC_OPTIMIZATION_LEVEL = 0;
				GCC_PREPROCESSOR_DEFINITIONS = (
					"DEBUG=1",
					"$(inherited)",
				);
				GCC_WARN_64_TO_32_BIT_CONVERSION = YES;
				GCC_WARN_ABOUT_RETURN_TYPE = YES_ERROR;
				GCC_WARN_UNDECLARED_SELECTOR = YES;
				GCC_WARN_UNINITIALIZED_AUTOS = YES_AGGRESSIVE;
				GCC_WARN_UNUSED_FUNCTION = YES;
				GCC_WARN_UNUSED_VARIABLE = YES;
				IPHONEOS_DEPLOYMENT_TARGET = 12.0;
				MTL_ENABLE_DEBUG_INFO = INCLUDE_SOURCE;
				MTL_FAST_MATH = YES;
				ONLY_ACTIVE_ARCH = YES;
				SDKROOT = iphoneos;
				SWIFT_ACTIVE_COMPILATION_CONDITIONS = DEBUG;
				SWIFT_OPTIMIZATION_LEVEL = "-Onone";
			};
			name = Debug;
		};
		16EF64702183481500E8982C /* Release */ = {
			isa = XCBuildConfiguration;
			buildSettings = {
				ALWAYS_SEARCH_USER_PATHS = NO;
				CLANG_ANALYZER_NONNULL = YES;
				CLANG_ANALYZER_NUMBER_OBJECT_CONVERSION = YES_AGGRESSIVE;
				CLANG_CXX_LANGUAGE_STANDARD = "gnu++14";
				CLANG_CXX_LIBRARY = "libc++";
				CLANG_ENABLE_MODULES = YES;
				CLANG_ENABLE_OBJC_ARC = YES;
				CLANG_ENABLE_OBJC_WEAK = YES;
				CLANG_WARN_BLOCK_CAPTURE_AUTORELEASING = YES;
				CLANG_WARN_BOOL_CONVERSION = YES;
				CLANG_WARN_COMMA = YES;
				CLANG_WARN_CONSTANT_CONVERSION = YES;
				CLANG_WARN_DEPRECATED_OBJC_IMPLEMENTATIONS = YES;
				CLANG_WARN_DIRECT_OBJC_ISA_USAGE = YES_ERROR;
				CLANG_WARN_DOCUMENTATION_COMMENTS = YES;
				CLANG_WARN_EMPTY_BODY = YES;
				CLANG_WARN_ENUM_CONVERSION = YES;
				CLANG_WARN_INFINITE_RECURSION = YES;
				CLANG_WARN_INT_CONVERSION = YES;
				CLANG_WARN_NON_LITERAL_NULL_CONVERSION = YES;
				CLANG_WARN_OBJC_IMPLICIT_RETAIN_SELF = YES;
				CLANG_WARN_OBJC_LITERAL_CONVERSION = YES;
				CLANG_WARN_OBJC_ROOT_CLASS = YES_ERROR;
				CLANG_WARN_RANGE_LOOP_ANALYSIS = YES;
				CLANG_WARN_STRICT_PROTOTYPES = YES;
				CLANG_WARN_SUSPICIOUS_MOVE = YES;
				CLANG_WARN_UNGUARDED_AVAILABILITY = YES_AGGRESSIVE;
				CLANG_WARN_UNREACHABLE_CODE = YES;
				CLANG_WARN__DUPLICATE_METHOD_MATCH = YES;
				CODE_SIGN_IDENTITY = "iPhone Developer";
				COPY_PHASE_STRIP = NO;
				DEBUG_INFORMATION_FORMAT = "dwarf-with-dsym";
				ENABLE_NS_ASSERTIONS = NO;
				ENABLE_STRICT_OBJC_MSGSEND = YES;
				GCC_C_LANGUAGE_STANDARD = gnu11;
				GCC_NO_COMMON_BLOCKS = YES;
				GCC_WARN_64_TO_32_BIT_CONVERSION = YES;
				GCC_WARN_ABOUT_RETURN_TYPE = YES_ERROR;
				GCC_WARN_UNDECLARED_SELECTOR = YES;
				GCC_WARN_UNINITIALIZED_AUTOS = YES_AGGRESSIVE;
				GCC_WARN_UNUSED_FUNCTION = YES;
				GCC_WARN_UNUSED_VARIABLE = YES;
				IPHONEOS_DEPLOYMENT_TARGET = 12.0;
				MTL_ENABLE_DEBUG_INFO = NO;
				MTL_FAST_MATH = YES;
				SDKROOT = iphoneos;
				SWIFT_COMPILATION_MODE = wholemodule;
				SWIFT_OPTIMIZATION_LEVEL = "-O";
				VALIDATE_PRODUCT = YES;
			};
			name = Release;
		};
		16EF64722183481500E8982C /* Debug */ = {
			isa = XCBuildConfiguration;
			buildSettings = {
				ASSETCATALOG_COMPILER_APPICON_NAME = AppIcon;
				CODE_SIGN_STYLE = Automatic;
				DEVELOPMENT_TEAM = UC6L78PB5C;
				INFOPLIST_FILE = CollapsibleView/Info.plist;
				LD_RUNPATH_SEARCH_PATHS = (
					"$(inherited)",
					"@executable_path/Frameworks",
				);
				PRODUCT_BUNDLE_IDENTIFIER = com.humlan.CollapsibleView;
				PRODUCT_NAME = "$(TARGET_NAME)";
				SWIFT_VERSION = 4.2;
				TARGETED_DEVICE_FAMILY = "1,2";
			};
			name = Debug;
		};
		16EF64732183481500E8982C /* Release */ = {
			isa = XCBuildConfiguration;
			buildSettings = {
				ASSETCATALOG_COMPILER_APPICON_NAME = AppIcon;
				CODE_SIGN_STYLE = Automatic;
				DEVELOPMENT_TEAM = UC6L78PB5C;
				INFOPLIST_FILE = CollapsibleView/Info.plist;
				LD_RUNPATH_SEARCH_PATHS = (
					"$(inherited)",
					"@executable_path/Frameworks",
				);
				PRODUCT_BUNDLE_IDENTIFIER = com.humlan.CollapsibleView;
				PRODUCT_NAME = "$(TARGET_NAME)";
				SWIFT_VERSION = 4.2;
				TARGETED_DEVICE_FAMILY = "1,2";
			};
			name = Release;
		};
/* End XCBuildConfiguration section */

/* Begin XCConfigurationList section */
		16EF645A2183481400E8982C /* Build configuration list for PBXProject "CollapsibleView" */ = {
			isa = XCConfigurationList;
			buildConfigurations = (
				16EF646F2183481500E8982C /* Debug */,
				16EF64702183481500E8982C /* Release */,
			);
			defaultConfigurationIsVisible = 0;
			defaultConfigurationName = Release;
		};
		16EF64712183481500E8982C /* Build configuration list for PBXNativeTarget "CollapsibleView" */ = {
			isa = XCConfigurationList;
			buildConfigurations = (
				16EF64722183481500E8982C /* Debug */,
				16EF64732183481500E8982C /* Release */,
			);
			defaultConfigurationIsVisible = 0;
			defaultConfigurationName = Release;
		};
/* End XCConfigurationList section */
	};
	rootObject = 16EF64572183481400E8982C /* Project object */;
}
